
Microsoft Visual Studio Solution File, Format Version 12.00
# Visual Studio Version 17
VisualStudioVersion = 17.0.31903.59
MinimumVisualStudioVersion = 10.0.40219.1
Project("{2150E333-8FDC-42A3-9474-1A3956D46DE8}") = "src", "src", "{827E0CD3-B72D-47B6-A68D-7590B98EB39B}"
EndProject
Project("{FAE04EC0-301F-11D3-BF4B-00C04F79EFBC}") = "EliteAI.API", "src\EliteAI.API\EliteAI.API.csproj", "{E54B8D4A-69A8-4577-8004-1206EFBF6526}"
EndProject
Project("{FAE04EC0-301F-11D3-BF4B-00C04F79EFBC}") = "EliteAI.Application", "src\EliteAI.Application\EliteAI.Application.csproj", "{7F0BAB38-F61A-42A3-9AE8-625FCE9439BF}"
EndProject
Project("{FAE04EC0-301F-11D3-BF4B-00C04F79EFBC}") = "EliteAI.Domain", "src\EliteAI.Domain\EliteAI.Domain.csproj", "{33946504-955B-4F2D-84B0-3D44A3D675B2}"
EndProject
Project("{FAE04EC0-301F-11D3-BF4B-00C04F79EFBC}") = "EliteAI.Infrastructure", "src\EliteAI.Infrastructure\EliteAI.Infrastructure.csproj", "{4894EC67-E874-45BA-BB14-DEBA1FBA35F4}"
EndProject
Project("{FAE04EC0-301F-11D3-BF4B-00C04F79EFBC}") = "EliteAI.WorkoutGenerator", "src\EliteAI.WorkoutGenerator\EliteAI.WorkoutGenerator.csproj", "{40B0F92A-C923-43AE-81C4-B9363487B2DA}"
EndProject
Project("{FAE04EC0-301F-11D3-BF4B-00C04F79EFBC}") = "EliteAI.UnitTests", "tests\EliteAI.UnitTests\EliteAI.UnitTests.csproj", "{DD74548D-D1F3-4E8A-A2B1-E78C2C86B56F}"
EndProject
Project("{FAE04EC0-301F-11D3-BF4B-00C04F79EFBC}") = "EliteAI.IntegrationTests", "tests\EliteAI.IntegrationTests\EliteAI.IntegrationTests.csproj", "{FA792E11-5A43-4FF2-AC41-A8CC24421CA9}"
EndProject
Global
	GlobalSection(SolutionConfigurationPlatforms) = preSolution
		Debug|Any CPU = Debug|Any CPU
		Debug|x64 = Debug|x64
		Debug|x86 = Debug|x86
		Release|Any CPU = Release|Any CPU
		Release|x64 = Release|x64
		Release|x86 = Release|x86
	EndGlobalSection
	GlobalSection(ProjectConfigurationPlatforms) = postSolution
		{E54B8D4A-69A8-4577-8004-1206EFBF6526}.Debug|Any CPU.ActiveCfg = Debug|Any CPU
		{E54B8D4A-69A8-4577-8004-1206EFBF6526}.Debug|Any CPU.Build.0 = Debug|Any CPU
		{E54B8D4A-69A8-4577-8004-1206EFBF6526}.Debug|x64.ActiveCfg = Debug|Any CPU
		{E54B8D4A-69A8-4577-8004-1206EFBF6526}.Debug|x64.Build.0 = Debug|Any CPU
		{E54B8D4A-69A8-4577-8004-1206EFBF6526}.Debug|x86.ActiveCfg = Debug|Any CPU
		{E54B8D4A-69A8-4577-8004-1206EFBF6526}.Debug|x86.Build.0 = Debug|Any CPU
		{E54B8D4A-69A8-4577-8004-1206EFBF6526}.Release|Any CPU.ActiveCfg = Release|Any CPU
		{E54B8D4A-69A8-4577-8004-1206EFBF6526}.Release|Any CPU.Build.0 = Release|Any CPU
		{E54B8D4A-69A8-4577-8004-1206EFBF6526}.Release|x64.ActiveCfg = Release|Any CPU
		{E54B8D4A-69A8-4577-8004-1206EFBF6526}.Release|x64.Build.0 = Release|Any CPU
		{E54B8D4A-69A8-4577-8004-1206EFBF6526}.Release|x86.ActiveCfg = Release|Any CPU
		{E54B8D4A-69A8-4577-8004-1206EFBF6526}.Release|x86.Build.0 = Release|Any CPU
		{7F0BAB38-F61A-42A3-9AE8-625FCE9439BF}.Debug|Any CPU.ActiveCfg = Debug|Any CPU
		{7F0BAB38-F61A-42A3-9AE8-625FCE9439BF}.Debug|Any CPU.Build.0 = Debug|Any CPU
		{7F0BAB38-F61A-42A3-9AE8-625FCE9439BF}.Debug|x64.ActiveCfg = Debug|Any CPU
		{7F0BAB38-F61A-42A3-9AE8-625FCE9439BF}.Debug|x64.Build.0 = Debug|Any CPU
		{7F0BAB38-F61A-42A3-9AE8-625FCE9439BF}.Debug|x86.ActiveCfg = Debug|Any CPU
		{7F0BAB38-F61A-42A3-9AE8-625FCE9439BF}.Debug|x86.Build.0 = Debug|Any CPU
		{7F0BAB38-F61A-42A3-9AE8-625FCE9439BF}.Release|Any CPU.ActiveCfg = Release|Any CPU
		{7F0BAB38-F61A-42A3-9AE8-625FCE9439BF}.Release|Any CPU.Build.0 = Release|Any CPU
		{7F0BAB38-F61A-42A3-9AE8-625FCE9439BF}.Release|x64.ActiveCfg = Release|Any CPU
		{7F0BAB38-F61A-42A3-9AE8-625FCE9439BF}.Release|x64.Build.0 = Release|Any CPU
		{7F0BAB38-F61A-42A3-9AE8-625FCE9439BF}.Release|x86.ActiveCfg = Release|Any CPU
		{7F0BAB38-F61A-42A3-9AE8-625FCE9439BF}.Release|x86.Build.0 = Release|Any CPU
		{33946504-955B-4F2D-84B0-3D44A3D675B2}.Debug|Any CPU.ActiveCfg = Debug|Any CPU
		{33946504-955B-4F2D-84B0-3D44A3D675B2}.Debug|Any CPU.Build.0 = Debug|Any CPU
		{33946504-955B-4F2D-84B0-3D44A3D675B2}.Debug|x64.ActiveCfg = Debug|Any CPU
		{33946504-955B-4F2D-84B0-3D44A3D675B2}.Debug|x64.Build.0 = Debug|Any CPU
		{33946504-955B-4F2D-84B0-3D44A3D675B2}.Debug|x86.ActiveCfg = Debug|Any CPU
		{33946504-955B-4F2D-84B0-3D44A3D675B2}.Debug|x86.Build.0 = Debug|Any CPU
		{33946504-955B-4F2D-84B0-3D44A3D675B2}.Release|Any CPU.ActiveCfg = Release|Any CPU
		{33946504-955B-4F2D-84B0-3D44A3D675B2}.Release|Any CPU.Build.0 = Release|Any CPU
		{33946504-955B-4F2D-84B0-3D44A3D675B2}.Release|x64.ActiveCfg = Release|Any CPU
		{33946504-955B-4F2D-84B0-3D44A3D675B2}.Release|x64.Build.0 = Release|Any CPU
		{33946504-955B-4F2D-84B0-3D44A3D675B2}.Release|x86.ActiveCfg = Release|Any CPU
		{33946504-955B-4F2D-84B0-3D44A3D675B2}.Release|x86.Build.0 = Release|Any CPU
		{4894EC67-E874-45BA-BB14-DEBA1FBA35F4}.Debug|Any CPU.ActiveCfg = Debug|Any CPU
		{4894EC67-E874-45BA-BB14-DEBA1FBA35F4}.Debug|Any CPU.Build.0 = Debug|Any CPU
		{4894EC67-E874-45BA-BB14-DEBA1FBA35F4}.Debug|x64.ActiveCfg = Debug|Any CPU
		{4894EC67-E874-45BA-BB14-DEBA1FBA35F4}.Debug|x64.Build.0 = Debug|Any CPU
		{4894EC67-E874-45BA-BB14-DEBA1FBA35F4}.Debug|x86.ActiveCfg = Debug|Any CPU
		{4894EC67-E874-45BA-BB14-DEBA1FBA35F4}.Debug|x86.Build.0 = Debug|Any CPU
		{4894EC67-E874-45BA-BB14-DEBA1FBA35F4}.Release|Any CPU.ActiveCfg = Release|Any CPU
		{4894EC67-E874-45BA-BB14-DEBA1FBA35F4}.Release|Any CPU.Build.0 = Release|Any CPU
		{4894EC67-E874-45BA-BB14-DEBA1FBA35F4}.Release|x64.ActiveCfg = Release|Any CPU
		{4894EC67-E874-45BA-BB14-DEBA1FBA35F4}.Release|x64.Build.0 = Release|Any CPU
		{4894EC67-E874-45BA-BB14-DEBA1FBA35F4}.Release|x86.ActiveCfg = Release|Any CPU
		{4894EC67-E874-45BA-BB14-DEBA1FBA35F4}.Release|x86.Build.0 = Release|Any CPU
		{40B0F92A-C923-43AE-81C4-B9363487B2DA}.Debug|Any CPU.ActiveCfg = Debug|Any CPU
		{40B0F92A-C923-43AE-81C4-B9363487B2DA}.Debug|Any CPU.Build.0 = Debug|Any CPU
		{40B0F92A-C923-43AE-81C4-B9363487B2DA}.Debug|x64.ActiveCfg = Debug|Any CPU
		{40B0F92A-C923-43AE-81C4-B9363487B2DA}.Debug|x64.Build.0 = Debug|Any CPU
		{40B0F92A-C923-43AE-81C4-B9363487B2DA}.Debug|x86.ActiveCfg = Debug|Any CPU
		{40B0F92A-C923-43AE-81C4-B9363487B2DA}.Debug|x86.Build.0 = Debug|Any CPU
		{40B0F92A-C923-43AE-81C4-B9363487B2DA}.Release|Any CPU.ActiveCfg = Release|Any CPU
		{40B0F92A-C923-43AE-81C4-B9363487B2DA}.Release|Any CPU.Build.0 = Release|Any CPU
		{40B0F92A-C923-43AE-81C4-B9363487B2DA}.Release|x64.ActiveCfg = Release|Any CPU
		{40B0F92A-C923-43AE-81C4-B9363487B2DA}.Release|x64.Build.0 = Release|Any CPU
		{40B0F92A-C923-43AE-81C4-B9363487B2DA}.Release|x86.ActiveCfg = Release|Any CPU
		{40B0F92A-C923-43AE-81C4-B9363487B2DA}.Release|x86.Build.0 = Release|Any CPU
		{DD74548D-D1F3-4E8A-A2B1-E78C2C86B56F}.Debug|Any CPU.ActiveCfg = Debug|Any CPU
		{DD74548D-D1F3-4E8A-A2B1-E78C2C86B56F}.Debug|Any CPU.Build.0 = Debug|Any CPU
		{DD74548D-D1F3-4E8A-A2B1-E78C2C86B56F}.Debug|x64.ActiveCfg = Debug|Any CPU
		{DD74548D-D1F3-4E8A-A2B1-E78C2C86B56F}.Debug|x64.Build.0 = Debug|Any CPU
		{DD74548D-D1F3-4E8A-A2B1-E78C2C86B56F}.Debug|x86.ActiveCfg = Debug|Any CPU
		{DD74548D-D1F3-4E8A-A2B1-E78C2C86B56F}.Debug|x86.Build.0 = Debug|Any CPU
		{DD74548D-D1F3-4E8A-A2B1-E78C2C86B56F}.Release|Any CPU.ActiveCfg = Release|Any CPU
		{DD74548D-D1F3-4E8A-A2B1-E78C2C86B56F}.Release|Any CPU.Build.0 = Release|Any CPU
		{DD74548D-D1F3-4E8A-A2B1-E78C2C86B56F}.Release|x64.ActiveCfg = Release|Any CPU
		{DD74548D-D1F3-4E8A-A2B1-E78C2C86B56F}.Release|x64.Build.0 = Release|Any CPU
		{DD74548D-D1F3-4E8A-A2B1-E78C2C86B56F}.Release|x86.ActiveCfg = Release|Any CPU
		{DD74548D-D1F3-4E8A-A2B1-E78C2C86B56F}.Release|x86.Build.0 = Release|Any CPU
		{FA792E11-5A43-4FF2-AC41-A8CC24421CA9}.Debug|Any CPU.ActiveCfg = Debug|Any CPU
		{FA792E11-5A43-4FF2-AC41-A8CC24421CA9}.Debug|Any CPU.Build.0 = Debug|Any CPU
		{FA792E11-5A43-4FF2-AC41-A8CC24421CA9}.Debug|x64.ActiveCfg = Debug|Any CPU
		{FA792E11-5A43-4FF2-AC41-A8CC24421CA9}.Debug|x64.Build.0 = Debug|Any CPU
		{FA792E11-5A43-4FF2-AC41-A8CC24421CA9}.Debug|x86.ActiveCfg = Debug|Any CPU
		{FA792E11-5A43-4FF2-AC41-A8CC24421CA9}.Debug|x86.Build.0 = Debug|Any CPU
		{FA792E11-5A43-4FF2-AC41-A8CC24421CA9}.Release|Any CPU.ActiveCfg = Release|Any CPU
		{FA792E11-5A43-4FF2-AC41-A8CC24421CA9}.Release|Any CPU.Build.0 = Release|Any CPU
		{FA792E11-5A43-4FF2-AC41-A8CC24421CA9}.Release|x64.ActiveCfg = Release|Any CPU
		{FA792E11-5A43-4FF2-AC41-A8CC24421CA9}.Release|x64.Build.0 = Release|Any CPU
		{FA792E11-5A43-4FF2-AC41-A8CC24421CA9}.Release|x86.ActiveCfg = Release|Any CPU
		{FA792E11-5A43-4FF2-AC41-A8CC24421CA9}.Release|x86.Build.0 = Release|Any CPU
	EndGlobalSection
	GlobalSection(SolutionProperties) = preSolution
		HideSolutionNode = FALSE
	EndGlobalSection
	GlobalSection(NestedProjects) = preSolution
		{E54B8D4A-69A8-4577-8004-1206EFBF6526} = {827E0CD3-B72D-47B6-A68D-7590B98EB39B}
		{7F0BAB38-F61A-42A3-9AE8-625FCE9439BF} = {827E0CD3-B72D-47B6-A68D-7590B98EB39B}
		{33946504-955B-4F2D-84B0-3D44A3D675B2} = {827E0CD3-B72D-47B6-A68D-7590B98EB39B}
		{4894EC67-E874-45BA-BB14-DEBA1FBA35F4} = {827E0CD3-B72D-47B6-A68D-7590B98EB39B}
		{40B0F92A-C923-43AE-81C4-B9363487B2DA} = {827E0CD3-B72D-47B6-A68D-7590B98EB39B}
		{DD74548D-D1F3-4E8A-A2B1-E78C2C86B56F} = {827E0CD3-B72D-47B6-A68D-7590B98EB39B}
		{FA792E11-5A43-4FF2-AC41-A8CC24421CA9} = {827E0CD3-B72D-47B6-A68D-7590B98EB39B}
	EndGlobalSection
	GlobalSection(ExtensibilityGlobals) = postSolution
		SolutionGuid = {DE0AFDD1-FDFE-4DA2-86C8-4B0110F535D1}
	EndGlobalSection
EndGlobal
